
Microsoft Visual Studio Solution File, Format Version 12.00
Project("{FAE04EC0-301F-11D3-BF4B-00C04F79EFBC}") = "IoCContainers", "IoCContainers\IoCContainers.csproj", "{98B3432F-08E6-4DE0-B648-7375333EB2F3}"
EndProject
Project("{FAE04EC0-301F-11D3-BF4B-00C04F79EFBC}") = "DependencyServices", "DependencyServices\DependencyServices.csproj", "{AEDC64BF-D309-4F2F-A1A2-F96BF6457BBC}"
EndProject
Project("{FAE04EC0-301F-11D3-BF4B-00C04F79EFBC}") = "WebApplication", "WebApplication\WebApplication.csproj", "{024205E6-4D17-42F1-85BA-61D8A10BAB3A}"
EndProject
Project("{FAE04EC0-301F-11D3-BF4B-00C04F79EFBC}") = "UnitTestExamples", "UnitTestExamples\UnitTestExamples.csproj", "{3E03E628-4FC6-40A2-BCBD-C75A79D0AD71}"
EndProject
Global
	GlobalSection(SolutionConfigurationPlatforms) = preSolution
		Debug|Any CPU = Debug|Any CPU
		Release|Any CPU = Release|Any CPU
	EndGlobalSection
	GlobalSection(ProjectConfigurationPlatforms) = postSolution
		{98B3432F-08E6-4DE0-B648-7375333EB2F3}.Debug|Any CPU.ActiveCfg = Debug|Any CPU
		{98B3432F-08E6-4DE0-B648-7375333EB2F3}.Debug|Any CPU.Build.0 = Debug|Any CPU
		{98B3432F-08E6-4DE0-B648-7375333EB2F3}.Release|Any CPU.ActiveCfg = Release|Any CPU
		{98B3432F-08E6-4DE0-B648-7375333EB2F3}.Release|Any CPU.Build.0 = Release|Any CPU
		{AEDC64BF-D309-4F2F-A1A2-F96BF6457BBC}.Debug|Any CPU.ActiveCfg = Debug|Any CPU
		{AEDC64BF-D309-4F2F-A1A2-F96BF6457BBC}.Debug|Any CPU.Build.0 = Debug|Any CPU
		{AEDC64BF-D309-4F2F-A1A2-F96BF6457BBC}.Release|Any CPU.ActiveCfg = Release|Any CPU
		{AEDC64BF-D309-4F2F-A1A2-F96BF6457BBC}.Release|Any CPU.Build.0 = Release|Any CPU
		{024205E6-4D17-42F1-85BA-61D8A10BAB3A}.Debug|Any CPU.ActiveCfg = Debug|Any CPU
		{024205E6-4D17-42F1-85BA-61D8A10BAB3A}.Debug|Any CPU.Build.0 = Debug|Any CPU
		{024205E6-4D17-42F1-85BA-61D8A10BAB3A}.Release|Any CPU.ActiveCfg = Release|Any CPU
		{024205E6-4D17-42F1-85BA-61D8A10BAB3A}.Release|Any CPU.Build.0 = Release|Any CPU
		{3E03E628-4FC6-40A2-BCBD-C75A79D0AD71}.Debug|Any CPU.ActiveCfg = Debug|Any CPU
		{3E03E628-4FC6-40A2-BCBD-C75A79D0AD71}.Debug|Any CPU.Build.0 = Debug|Any CPU
		{3E03E628-4FC6-40A2-BCBD-C75A79D0AD71}.Release|Any CPU.ActiveCfg = Release|Any CPU
		{3E03E628-4FC6-40A2-BCBD-C75A79D0AD71}.Release|Any CPU.Build.0 = Release|Any CPU
	EndGlobalSection
EndGlobal
